// !$*UTF8*$!
{
	archiveVersion = 1;
	classes = {
	};
	objectVersion = 56;
	objects = {

/* Begin PBXBuildFile section */
		D191C37C2B22B82A0037CAA2 /* AppDelegate.swift in Sources */ = {isa = PBXBuildFile; fileRef = D191C37B2B22B82A0037CAA2 /* AppDelegate.swift */; };
		D191C37E2B22B82A0037CAA2 /* SceneDelegate.swift in Sources */ = {isa = PBXBuildFile; fileRef = D191C37D2B22B82A0037CAA2 /* SceneDelegate.swift */; };
		D191C3802B22B82A0037CAA2 /* ViewController.swift in Sources */ = {isa = PBXBuildFile; fileRef = D191C37F2B22B82A0037CAA2 /* ViewController.swift */; };
		D191C3852B22B82C0037CAA2 /* Assets.xcassets in Resources */ = {isa = PBXBuildFile; fileRef = D191C3842B22B82C0037CAA2 /* Assets.xcassets */; };
		D191C3882B22B82C0037CAA2 /* LaunchScreen.storyboard in Resources */ = {isa = PBXBuildFile; fileRef = D191C3862B22B82C0037CAA2 /* LaunchScreen.storyboard */; };
		D191C3962B22C16A0037CAA2 /* prototypeInteractor.swift in Sources */ = {isa = PBXBuildFile; fileRef = D191C3952B22C16A0037CAA2 /* prototypeInteractor.swift */; };
		D191C3982B22C1BB0037CAA2 /* prototypeInterface.swift in Sources */ = {isa = PBXBuildFile; fileRef = D191C3972B22C1BB0037CAA2 /* prototypeInterface.swift */; };
		D191C39A2B22C2F40037CAA2 /* prototypePresenter.swift in Sources */ = {isa = PBXBuildFile; fileRef = D191C3992B22C2F40037CAA2 /* prototypePresenter.swift */; };
		D191C39C2B22C4910037CAA2 /* prototypeViewController.swift in Sources */ = {isa = PBXBuildFile; fileRef = D191C39B2B22C4910037CAA2 /* prototypeViewController.swift */; };
		D191C39E2B22C5860037CAA2 /* prototypeWireframe.swift in Sources */ = {isa = PBXBuildFile; fileRef = D191C39D2B22C5860037CAA2 /* prototypeWireframe.swift */; };
		D191C3A32B22DBBC0037CAA2 /* BaseWireframe.swift in Sources */ = {isa = PBXBuildFile; fileRef = D191C3A22B22DBBC0037CAA2 /* BaseWireframe.swift */; };
		D191C3A52B22DC5D0037CAA2 /* UIStoryboardExtension.swift in Sources */ = {isa = PBXBuildFile; fileRef = D191C3A42B22DC5D0037CAA2 /* UIStoryboardExtension.swift */; };
		D191C3A72B22DC780037CAA2 /* PresenterInterface.swift in Sources */ = {isa = PBXBuildFile; fileRef = D191C3A62B22DC780037CAA2 /* PresenterInterface.swift */; };
		D191C3A92B22DE330037CAA2 /* ViewInterface.swift in Sources */ = {isa = PBXBuildFile; fileRef = D191C3A82B22DE330037CAA2 /* ViewInterface.swift */; };
		D191C3AB2B22DE880037CAA2 /* InteractorInterface.swift in Sources */ = {isa = PBXBuildFile; fileRef = D191C3AA2B22DE880037CAA2 /* InteractorInterface.swift */; };
		D191C3AD2B22DF1A0037CAA2 /* ManagerViewController.swift in Sources */ = {isa = PBXBuildFile; fileRef = D191C3AC2B22DF1A0037CAA2 /* ManagerViewController.swift */; };
		D191C3B02B22DFAF0037CAA2 /* NavigationBarStyle.swift in Sources */ = {isa = PBXBuildFile; fileRef = D191C3AF2B22DFAF0037CAA2 /* NavigationBarStyle.swift */; };
		D191C3B22B22E3B20037CAA2 /* Main.storyboard in Resources */ = {isa = PBXBuildFile; fileRef = D191C3B12B22E3B20037CAA2 /* Main.storyboard */; };
		D191C3BD2B23A0800037CAA2 /* Model.swift in Sources */ = {isa = PBXBuildFile; fileRef = D191C3BC2B23A0800037CAA2 /* Model.swift */; };
		D191C3C22B260A1E0037CAA2 /* DataCaptureInteractor.swift in Sources */ = {isa = PBXBuildFile; fileRef = D191C3C12B260A1E0037CAA2 /* DataCaptureInteractor.swift */; };
		D191C3C42B260A500037CAA2 /* DataCaptureInterface.swift in Sources */ = {isa = PBXBuildFile; fileRef = D191C3C32B260A500037CAA2 /* DataCaptureInterface.swift */; };
		D191C3C62B260A660037CAA2 /* DataCapturePresenter.swift in Sources */ = {isa = PBXBuildFile; fileRef = D191C3C52B260A660037CAA2 /* DataCapturePresenter.swift */; };
		D191C3C82B260AA20037CAA2 /* DataCaptureViewController.swift in Sources */ = {isa = PBXBuildFile; fileRef = D191C3C72B260AA20037CAA2 /* DataCaptureViewController.swift */; };
		D191C3CA2B260AC40037CAA2 /* DataCaptureWireframe.swift in Sources */ = {isa = PBXBuildFile; fileRef = D191C3C92B260AC40037CAA2 /* DataCaptureWireframe.swift */; };
/* End PBXBuildFile section */

/* Begin PBXFileReference section */
		D191C3782B22B82A0037CAA2 /* Prueba.app */ = {isa = PBXFileReference; explicitFileType = wrapper.application; includeInIndex = 0; path = Prueba.app; sourceTree = BUILT_PRODUCTS_DIR; };
		D191C37B2B22B82A0037CAA2 /* AppDelegate.swift */ = {isa = PBXFileReference; lastKnownFileType = sourcecode.swift; path = AppDelegate.swift; sourceTree = "<group>"; };
		D191C37D2B22B82A0037CAA2 /* SceneDelegate.swift */ = {isa = PBXFileReference; lastKnownFileType = sourcecode.swift; path = SceneDelegate.swift; sourceTree = "<group>"; };
		D191C37F2B22B82A0037CAA2 /* ViewController.swift */ = {isa = PBXFileReference; lastKnownFileType = sourcecode.swift; path = ViewController.swift; sourceTree = "<group>"; };
		D191C3842B22B82C0037CAA2 /* Assets.xcassets */ = {isa = PBXFileReference; lastKnownFileType = folder.assetcatalog; path = Assets.xcassets; sourceTree = "<group>"; };
		D191C3872B22B82C0037CAA2 /* Base */ = {isa = PBXFileReference; lastKnownFileType = file.storyboard; name = Base; path = Base.lproj/LaunchScreen.storyboard; sourceTree = "<group>"; };
		D191C3892B22B82C0037CAA2 /* Info.plist */ = {isa = PBXFileReference; lastKnownFileType = text.plist.xml; path = Info.plist; sourceTree = "<group>"; };
		D191C3952B22C16A0037CAA2 /* prototypeInteractor.swift */ = {isa = PBXFileReference; lastKnownFileType = sourcecode.swift; path = prototypeInteractor.swift; sourceTree = "<group>"; };
		D191C3972B22C1BB0037CAA2 /* prototypeInterface.swift */ = {isa = PBXFileReference; lastKnownFileType = sourcecode.swift; path = prototypeInterface.swift; sourceTree = "<group>"; };
		D191C3992B22C2F40037CAA2 /* prototypePresenter.swift */ = {isa = PBXFileReference; lastKnownFileType = sourcecode.swift; path = prototypePresenter.swift; sourceTree = "<group>"; };
		D191C39B2B22C4910037CAA2 /* prototypeViewController.swift */ = {isa = PBXFileReference; lastKnownFileType = sourcecode.swift; path = prototypeViewController.swift; sourceTree = "<group>"; };
		D191C39D2B22C5860037CAA2 /* prototypeWireframe.swift */ = {isa = PBXFileReference; lastKnownFileType = sourcecode.swift; path = prototypeWireframe.swift; sourceTree = "<group>"; };
		D191C3A22B22DBBC0037CAA2 /* BaseWireframe.swift */ = {isa = PBXFileReference; lastKnownFileType = sourcecode.swift; path = BaseWireframe.swift; sourceTree = "<group>"; };
		D191C3A42B22DC5D0037CAA2 /* UIStoryboardExtension.swift */ = {isa = PBXFileReference; lastKnownFileType = sourcecode.swift; path = UIStoryboardExtension.swift; sourceTree = "<group>"; };
		D191C3A62B22DC780037CAA2 /* PresenterInterface.swift */ = {isa = PBXFileReference; lastKnownFileType = sourcecode.swift; path = PresenterInterface.swift; sourceTree = "<group>"; };
		D191C3A82B22DE330037CAA2 /* ViewInterface.swift */ = {isa = PBXFileReference; lastKnownFileType = sourcecode.swift; path = ViewInterface.swift; sourceTree = "<group>"; };
		D191C3AA2B22DE880037CAA2 /* InteractorInterface.swift */ = {isa = PBXFileReference; lastKnownFileType = sourcecode.swift; path = InteractorInterface.swift; sourceTree = "<group>"; };
		D191C3AC2B22DF1A0037CAA2 /* ManagerViewController.swift */ = {isa = PBXFileReference; lastKnownFileType = sourcecode.swift; path = ManagerViewController.swift; sourceTree = "<group>"; };
		D191C3AF2B22DFAF0037CAA2 /* NavigationBarStyle.swift */ = {isa = PBXFileReference; lastKnownFileType = sourcecode.swift; path = NavigationBarStyle.swift; sourceTree = "<group>"; };
		D191C3B12B22E3B20037CAA2 /* Main.storyboard */ = {isa = PBXFileReference; lastKnownFileType = file.storyboard; path = Main.storyboard; sourceTree = "<group>"; };
		D191C3BC2B23A0800037CAA2 /* Model.swift */ = {isa = PBXFileReference; lastKnownFileType = sourcecode.swift; path = Model.swift; sourceTree = "<group>"; };
		D191C3C12B260A1E0037CAA2 /* DataCaptureInteractor.swift */ = {isa = PBXFileReference; lastKnownFileType = sourcecode.swift; path = DataCaptureInteractor.swift; sourceTree = "<group>"; };
		D191C3C32B260A500037CAA2 /* DataCaptureInterface.swift */ = {isa = PBXFileReference; lastKnownFileType = sourcecode.swift; path = DataCaptureInterface.swift; sourceTree = "<group>"; };
		D191C3C52B260A660037CAA2 /* DataCapturePresenter.swift */ = {isa = PBXFileReference; lastKnownFileType = sourcecode.swift; path = DataCapturePresenter.swift; sourceTree = "<group>"; };
		D191C3C72B260AA20037CAA2 /* DataCaptureViewController.swift */ = {isa = PBXFileReference; lastKnownFileType = sourcecode.swift; path = DataCaptureViewController.swift; sourceTree = "<group>"; };
		D191C3C92B260AC40037CAA2 /* DataCaptureWireframe.swift */ = {isa = PBXFileReference; lastKnownFileType = sourcecode.swift; path = DataCaptureWireframe.swift; sourceTree = "<group>"; };
/* End PBXFileReference section */

/* Begin PBXFrameworksBuildPhase section */
		D191C3752B22B82A0037CAA2 /* Frameworks */ = {
			isa = PBXFrameworksBuildPhase;
			buildActionMask = 2147483647;
			files = (
			);
			runOnlyForDeploymentPostprocessing = 0;
		};
/* End PBXFrameworksBuildPhase section */

/* Begin PBXGroup section */
		D191C36F2B22B82A0037CAA2 = {
			isa = PBXGroup;
			children = (
				D191C37A2B22B82A0037CAA2 /* Prueba */,
				D191C3792B22B82A0037CAA2 /* Products */,
			);
			sourceTree = "<group>";
		};
		D191C3792B22B82A0037CAA2 /* Products */ = {
			isa = PBXGroup;
			children = (
				D191C3782B22B82A0037CAA2 /* Prueba.app */,
			);
			name = Products;
			sourceTree = "<group>";
		};
		D191C37A2B22B82A0037CAA2 /* Prueba */ = {
			isa = PBXGroup;
			children = (
				D191C3A12B22DB910037CAA2 /* VIPER */,
				D191C3AE2B22DF930037CAA2 /* Enums */,
				D191C3942B22C1320037CAA2 /* prototype */,
				D191C37B2B22B82A0037CAA2 /* AppDelegate.swift */,
				D191C37D2B22B82A0037CAA2 /* SceneDelegate.swift */,
				D191C37F2B22B82A0037CAA2 /* ViewController.swift */,
				D191C3842B22B82C0037CAA2 /* Assets.xcassets */,
				D191C3862B22B82C0037CAA2 /* LaunchScreen.storyboard */,
				D191C3892B22B82C0037CAA2 /* Info.plist */,
			);
			path = Prueba;
			sourceTree = "<group>";
		};
		D191C3942B22C1320037CAA2 /* prototype */ = {
			isa = PBXGroup;
			children = (
				D191C3BE2B23BF230037CAA2 /* DataCapture */,
				D191C3952B22C16A0037CAA2 /* prototypeInteractor.swift */,
				D191C3972B22C1BB0037CAA2 /* prototypeInterface.swift */,
				D191C3992B22C2F40037CAA2 /* prototypePresenter.swift */,
				D191C39B2B22C4910037CAA2 /* prototypeViewController.swift */,
				D191C39D2B22C5860037CAA2 /* prototypeWireframe.swift */,
				D191C3B12B22E3B20037CAA2 /* Main.storyboard */,
			);
			path = prototype;
			sourceTree = "<group>";
		};
		D191C3A12B22DB910037CAA2 /* VIPER */ = {
			isa = PBXGroup;
			children = (
				D191C3A22B22DBBC0037CAA2 /* BaseWireframe.swift */,
				D191C3A42B22DC5D0037CAA2 /* UIStoryboardExtension.swift */,
				D191C3A62B22DC780037CAA2 /* PresenterInterface.swift */,
				D191C3A82B22DE330037CAA2 /* ViewInterface.swift */,
				D191C3AA2B22DE880037CAA2 /* InteractorInterface.swift */,
				D191C3AC2B22DF1A0037CAA2 /* ManagerViewController.swift */,
			);
			path = VIPER;
			sourceTree = "<group>";
		};
		D191C3AE2B22DF930037CAA2 /* Enums */ = {
			isa = PBXGroup;
			children = (
				D191C3AF2B22DFAF0037CAA2 /* NavigationBarStyle.swift */,
				D191C3BC2B23A0800037CAA2 /* Model.swift */,
			);
			path = Enums;
			sourceTree = "<group>";
		};
		D191C3BE2B23BF230037CAA2 /* DataCapture */ = {
			isa = PBXGroup;
			children = (
				D191C3C12B260A1E0037CAA2 /* DataCaptureInteractor.swift */,
				D191C3C32B260A500037CAA2 /* DataCaptureInterface.swift */,
				D191C3C52B260A660037CAA2 /* DataCapturePresenter.swift */,
				D191C3C72B260AA20037CAA2 /* DataCaptureViewController.swift */,
				D191C3C92B260AC40037CAA2 /* DataCaptureWireframe.swift */,
			);
			path = DataCapture;
			sourceTree = "<group>";
		};
/* End PBXGroup section */

/* Begin PBXNativeTarget section */
		D191C3772B22B82A0037CAA2 /* Prueba */ = {
			isa = PBXNativeTarget;
			buildConfigurationList = D191C38C2B22B82C0037CAA2 /* Build configuration list for PBXNativeTarget "Prueba" */;
			buildPhases = (
				D191C3742B22B82A0037CAA2 /* Sources */,
				D191C3752B22B82A0037CAA2 /* Frameworks */,
				D191C3762B22B82A0037CAA2 /* Resources */,
			);
			buildRules = (
			);
			dependencies = (
			);
			name = Prueba;
			productName = Prueba;
			productReference = D191C3782B22B82A0037CAA2 /* Prueba.app */;
			productType = "com.apple.product-type.application";
		};
/* End PBXNativeTarget section */

/* Begin PBXProject section */
		D191C3702B22B82A0037CAA2 /* Project object */ = {
			isa = PBXProject;
			attributes = {
				BuildIndependentTargetsInParallel = 1;
				LastSwiftUpdateCheck = 1430;
				LastUpgradeCheck = 1430;
				TargetAttributes = {
					D191C3772B22B82A0037CAA2 = {
						CreatedOnToolsVersion = 14.3.1;
					};
				};
			};
			buildConfigurationList = D191C3732B22B82A0037CAA2 /* Build configuration list for PBXProject "Prueba" */;
			compatibilityVersion = "Xcode 14.0";
			developmentRegion = en;
			hasScannedForEncodings = 0;
			knownRegions = (
				en,
				Base,
			);
			mainGroup = D191C36F2B22B82A0037CAA2;
			productRefGroup = D191C3792B22B82A0037CAA2 /* Products */;
			projectDirPath = "";
			projectRoot = "";
			targets = (
				D191C3772B22B82A0037CAA2 /* Prueba */,
			);
		};
/* End PBXProject section */

/* Begin PBXResourcesBuildPhase section */
		D191C3762B22B82A0037CAA2 /* Resources */ = {
			isa = PBXResourcesBuildPhase;
			buildActionMask = 2147483647;
			files = (
				D191C3882B22B82C0037CAA2 /* LaunchScreen.storyboard in Resources */,
				D191C3852B22B82C0037CAA2 /* Assets.xcassets in Resources */,
				D191C3B22B22E3B20037CAA2 /* Main.storyboard in Resources */,
			);
			runOnlyForDeploymentPostprocessing = 0;
		};
/* End PBXResourcesBuildPhase section */

/* Begin PBXSourcesBuildPhase section */
		D191C3742B22B82A0037CAA2 /* Sources */ = {
			isa = PBXSourcesBuildPhase;
			buildActionMask = 2147483647;
			files = (
				D191C3A32B22DBBC0037CAA2 /* BaseWireframe.swift in Sources */,
				D191C3802B22B82A0037CAA2 /* ViewController.swift in Sources */,
				D191C3A72B22DC780037CAA2 /* PresenterInterface.swift in Sources */,
				D191C3C22B260A1E0037CAA2 /* DataCaptureInteractor.swift in Sources */,
				D191C3C62B260A660037CAA2 /* DataCapturePresenter.swift in Sources */,
				D191C3C42B260A500037CAA2 /* DataCaptureInterface.swift in Sources */,
				D191C3A52B22DC5D0037CAA2 /* UIStoryboardExtension.swift in Sources */,
				D191C3962B22C16A0037CAA2 /* prototypeInteractor.swift in Sources */,
				D191C3982B22C1BB0037CAA2 /* prototypeInterface.swift in Sources */,
				D191C3AD2B22DF1A0037CAA2 /* ManagerViewController.swift in Sources */,
				D191C39E2B22C5860037CAA2 /* prototypeWireframe.swift in Sources */,
				D191C39A2B22C2F40037CAA2 /* prototypePresenter.swift in Sources */,
				D191C37C2B22B82A0037CAA2 /* AppDelegate.swift in Sources */,
				D191C3BD2B23A0800037CAA2 /* Model.swift in Sources */,
				D191C3CA2B260AC40037CAA2 /* DataCaptureWireframe.swift in Sources */,
				D191C3B02B22DFAF0037CAA2 /* NavigationBarStyle.swift in Sources */,
				D191C37E2B22B82A0037CAA2 /* SceneDelegate.swift in Sources */,
				D191C3A92B22DE330037CAA2 /* ViewInterface.swift in Sources */,
				D191C3AB2B22DE880037CAA2 /* InteractorInterface.swift in Sources */,
				D191C39C2B22C4910037CAA2 /* prototypeViewController.swift in Sources */,
				D191C3C82B260AA20037CAA2 /* DataCaptureViewController.swift in Sources */,
			);
			runOnlyForDeploymentPostprocessing = 0;
		};
/* End PBXSourcesBuildPhase section */

/* Begin PBXVariantGroup section */
		D191C3862B22B82C0037CAA2 /* LaunchScreen.storyboard */ = {
			isa = PBXVariantGroup;
			children = (
				D191C3872B22B82C0037CAA2 /* Base */,
			);
			name = LaunchScreen.storyboard;
			sourceTree = "<group>";
		};
/* End PBXVariantGroup section */

/* Begin XCBuildConfiguration section */
		D191C38A2B22B82C0037CAA2 /* Debug */ = {
			isa = XCBuildConfiguration;
			buildSettings = {
				ALWAYS_SEARCH_USER_PATHS = NO;
				CLANG_ANALYZER_NONNULL = YES;
				CLANG_ANALYZER_NUMBER_OBJECT_CONVERSION = YES_AGGRESSIVE;
				CLANG_CXX_LANGUAGE_STANDARD = "gnu++20";
				CLANG_ENABLE_MODULES = YES;
				CLANG_ENABLE_OBJC_ARC = YES;
				CLANG_ENABLE_OBJC_WEAK = YES;
				CLANG_WARN_BLOCK_CAPTURE_AUTORELEASING = YES;
				CLANG_WARN_BOOL_CONVERSION = YES;
				CLANG_WARN_COMMA = YES;
				CLANG_WARN_CONSTANT_CONVERSION = YES;
				CLANG_WARN_DEPRECATED_OBJC_IMPLEMENTATIONS = YES;
				CLANG_WARN_DIRECT_OBJC_ISA_USAGE = YES_ERROR;
				CLANG_WARN_DOCUMENTATION_COMMENTS = YES;
				CLANG_WARN_EMPTY_BODY = YES;
				CLANG_WARN_ENUM_CONVERSION = YES;
				CLANG_WARN_INFINITE_RECURSION = YES;
				CLANG_WARN_INT_CONVERSION = YES;
				CLANG_WARN_NON_LITERAL_NULL_CONVERSION = YES;
				CLANG_WARN_OBJC_IMPLICIT_RETAIN_SELF = YES;
				CLANG_WARN_OBJC_LITERAL_CONVERSION = YES;
				CLANG_WARN_OBJC_ROOT_CLASS = YES_ERROR;
				CLANG_WARN_QUOTED_INCLUDE_IN_FRAMEWORK_HEADER = YES;
				CLANG_WARN_RANGE_LOOP_ANALYSIS = YES;
				CLANG_WARN_STRICT_PROTOTYPES = YES;
				CLANG_WARN_SUSPICIOUS_MOVE = YES;
				CLANG_WARN_UNGUARDED_AVAILABILITY = YES_AGGRESSIVE;
				CLANG_WARN_UNREACHABLE_CODE = YES;
				CLANG_WARN__DUPLICATE_METHOD_MATCH = YES;
				COPY_PHASE_STRIP = NO;
				DEBUG_INFORMATION_FORMAT = dwarf;
				ENABLE_STRICT_OBJC_MSGSEND = YES;
				ENABLE_TESTABILITY = YES;
				GCC_C_LANGUAGE_STANDARD = gnu11;
				GCC_DYNAMIC_NO_PIC = NO;
				GCC_NO_COMMON_BLOCKS = YES;
				GCC_OPTIMIZATION_LEVEL = 0;
				GCC_PREPROCESSOR_DEFINITIONS = (
					"DEBUG=1",
					"$(inherited)",
				);
				GCC_WARN_64_TO_32_BIT_CONVERSION = YES;
				GCC_WARN_ABOUT_RETURN_TYPE = YES_ERROR;
				GCC_WARN_UNDECLARED_SELECTOR = YES;
				GCC_WARN_UNINITIALIZED_AUTOS = YES_AGGRESSIVE;
				GCC_WARN_UNUSED_FUNCTION = YES;
				GCC_WARN_UNUSED_VARIABLE = YES;
				IPHONEOS_DEPLOYMENT_TARGET = 16.4;
				MTL_ENABLE_DEBUG_INFO = INCLUDE_SOURCE;
				MTL_FAST_MATH = YES;
				ONLY_ACTIVE_ARCH = YES;
				SDKROOT = iphoneos;
				SWIFT_ACTIVE_COMPILATION_CONDITIONS = DEBUG;
				SWIFT_OPTIMIZATION_LEVEL = "-Onone";
			};
			name = Debug;
		};
		D191C38B2B22B82C0037CAA2 /* Release */ = {
			isa = XCBuildConfiguration;
			buildSettings = {
				ALWAYS_SEARCH_USER_PATHS = NO;
				CLANG_ANALYZER_NONNULL = YES;
				CLANG_ANALYZER_NUMBER_OBJECT_CONVERSION = YES_AGGRESSIVE;
				CLANG_CXX_LANGUAGE_STANDARD = "gnu++20";
				CLANG_ENABLE_MODULES = YES;
				CLANG_ENABLE_OBJC_ARC = YES;
				CLANG_ENABLE_OBJC_WEAK = YES;
				CLANG_WARN_BLOCK_CAPTURE_AUTORELEASING = YES;
				CLANG_WARN_BOOL_CONVERSION = YES;
				CLANG_WARN_COMMA = YES;
				CLANG_WARN_CONSTANT_CONVERSION = YES;
				CLANG_WARN_DEPRECATED_OBJC_IMPLEMENTATIONS = YES;
				CLANG_WARN_DIRECT_OBJC_ISA_USAGE = YES_ERROR;
				CLANG_WARN_DOCUMENTATION_COMMENTS = YES;
				CLANG_WARN_EMPTY_BODY = YES;
				CLANG_WARN_ENUM_CONVERSION = YES;
				CLANG_WARN_INFINITE_RECURSION = YES;
				CLANG_WARN_INT_CONVERSION = YES;
				CLANG_WARN_NON_LITERAL_NULL_CONVERSION = YES;
				CLANG_WARN_OBJC_IMPLICIT_RETAIN_SELF = YES;
				CLANG_WARN_OBJC_LITERAL_CONVERSION = YES;
				CLANG_WARN_OBJC_ROOT_CLASS = YES_ERROR;
				CLANG_WARN_QUOTED_INCLUDE_IN_FRAMEWORK_HEADER = YES;
				CLANG_WARN_RANGE_LOOP_ANALYSIS = YES;
				CLANG_WARN_STRICT_PROTOTYPES = YES;
				CLANG_WARN_SUSPICIOUS_MOVE = YES;
				CLANG_WARN_UNGUARDED_AVAILABILITY = YES_AGGRESSIVE;
				CLANG_WARN_UNREACHABLE_CODE = YES;
				CLANG_WARN__DUPLICATE_METHOD_MATCH = YES;
				COPY_PHASE_STRIP = NO;
				DEBUG_INFORMATION_FORMAT = "dwarf-with-dsym";
				ENABLE_NS_ASSERTIONS = NO;
				ENABLE_STRICT_OBJC_MSGSEND = YES;
				GCC_C_LANGUAGE_STANDARD = gnu11;
				GCC_NO_COMMON_BLOCKS = YES;
				GCC_WARN_64_TO_32_BIT_CONVERSION = YES;
				GCC_WARN_ABOUT_RETURN_TYPE = YES_ERROR;
				GCC_WARN_UNDECLARED_SELECTOR = YES;
				GCC_WARN_UNINITIALIZED_AUTOS = YES_AGGRESSIVE;
				GCC_WARN_UNUSED_FUNCTION = YES;
				GCC_WARN_UNUSED_VARIABLE = YES;
				IPHONEOS_DEPLOYMENT_TARGET = 16.4;
				MTL_ENABLE_DEBUG_INFO = NO;
				MTL_FAST_MATH = YES;
				SDKROOT = iphoneos;
				SWIFT_COMPILATION_MODE = wholemodule;
				SWIFT_OPTIMIZATION_LEVEL = "-O";
				VALIDATE_PRODUCT = YES;
			};
			name = Release;
		};
		D191C38D2B22B82C0037CAA2 /* Debug */ = {
			isa = XCBuildConfiguration;
			buildSettings = {
				ASSETCATALOG_COMPILER_APPICON_NAME = AppIcon;
				ASSETCATALOG_COMPILER_GLOBAL_ACCENT_COLOR_NAME = AccentColor;
				CODE_SIGN_STYLE = Automatic;
				CURRENT_PROJECT_VERSION = 1;
				DEVELOPMENT_TEAM = A7VWFQ43V8;
				GENERATE_INFOPLIST_FILE = YES;
				INFOPLIST_FILE = Prueba/Info.plist;
				INFOPLIST_KEY_NSCameraUsageDescription = "We need access to your camera to take photos";
				INFOPLIST_KEY_UIApplicationSupportsIndirectInputEvents = YES;
				INFOPLIST_KEY_UILaunchStoryboardName = LaunchScreen;
				INFOPLIST_KEY_UIMainStoryboardFile = Main;
				INFOPLIST_KEY_UISupportedInterfaceOrientations_iPad = "UIInterfaceOrientationPortrait UIInterfaceOrientationPortraitUpsideDown UIInterfaceOrientationLandscapeLeft UIInterfaceOrientationLandscapeRight";
				INFOPLIST_KEY_UISupportedInterfaceOrientations_iPhone = "UIInterfaceOrientationPortrait UIInterfaceOrientationLandscapeLeft UIInterfaceOrientationLandscapeRight";
				LD_RUNPATH_SEARCH_PATHS = (
					"$(inherited)",
					"@executable_path/Frameworks",
				);
				MARKETING_VERSION = 1.0;
				PRODUCT_BUNDLE_IDENTIFIER = com.opiumg;
				PRODUCT_NAME = "$(TARGET_NAME)";
				SWIFT_EMIT_LOC_STRINGS = YES;
				SWIFT_VERSION = 5.0;
				TARGETED_DEVICE_FAMILY = "1,2";
			};
			name = Debug;
		};
		D191C38E2B22B82C0037CAA2 /* Release */ = {
			isa = XCBuildConfiguration;
			buildSettings = {
				ASSETCATALOG_COMPILER_APPICON_NAME = AppIcon;
				ASSETCATALOG_COMPILER_GLOBAL_ACCENT_COLOR_NAME = AccentColor;
				CODE_SIGN_STYLE = Automatic;
				CURRENT_PROJECT_VERSION = 1;
				DEVELOPMENT_TEAM = A7VWFQ43V8;
				GENERATE_INFOPLIST_FILE = YES;
				INFOPLIST_FILE = Prueba/Info.plist;
				INFOPLIST_KEY_NSCameraUsageDescription = "We need access to your camera to take photos";
				INFOPLIST_KEY_UIApplicationSupportsIndirectInputEvents = YES;
				INFOPLIST_KEY_UILaunchStoryboardName = LaunchScreen;
				INFOPLIST_KEY_UIMainStoryboardFile = Main;
				INFOPLIST_KEY_UISupportedInterfaceOrientations_iPad = "UIInterfaceOrientationPortrait UIInterfaceOrientationPortraitUpsideDown UIInterfaceOrientationLandscapeLeft UIInterfaceOrientationLandscapeRight";
				INFOPLIST_KEY_UISupportedInterfaceOrientations_iPhone = "UIInterfaceOrientationPortrait UIInterfaceOrientationLandscapeLeft UIInterfaceOrientationLandscapeRight";
				LD_RUNPATH_SEARCH_PATHS = (
					"$(inherited)",
					"@executable_path/Frameworks",
				);
				MARKETING_VERSION = 1.0;
				PRODUCT_BUNDLE_IDENTIFIER = com.opiumg;
				PRODUCT_NAME = "$(TARGET_NAME)";
				SWIFT_EMIT_LOC_STRINGS = YES;
				SWIFT_VERSION = 5.0;
				TARGETED_DEVICE_FAMILY = "1,2";
			};
			name = Release;
		};
/* End XCBuildConfiguration section */

/* Begin XCConfigurationList section */
		D191C3732B22B82A0037CAA2 /* Build configuration list for PBXProject "Prueba" */ = {
			isa = XCConfigurationList;
			buildConfigurations = (
				D191C38A2B22B82C0037CAA2 /* Debug */,
				D191C38B2B22B82C0037CAA2 /* Release */,
			);
			defaultConfigurationIsVisible = 0;
			defaultConfigurationName = Release;
		};
		D191C38C2B22B82C0037CAA2 /* Build configuration list for PBXNativeTarget "Prueba" */ = {
			isa = XCConfigurationList;
			buildConfigurations = (
				D191C38D2B22B82C0037CAA2 /* Debug */,
				D191C38E2B22B82C0037CAA2 /* Release */,
			);
			defaultConfigurationIsVisible = 0;
			defaultConfigurationName = Release;
		};
/* End XCConfigurationList section */
	};
	rootObject = D191C3702B22B82A0037CAA2 /* Project object */;
}
